
Microsoft Visual Studio Solution File, Format Version 12.00
Project("{FAE04EC0-301F-11D3-BF4B-00C04F79EFBC}") = "IronDrawingExamples", "IronDrawingExamples.csproj", "{4DF1FCAF-2F35-4888-B9B6-F361A7E9C80F}"
EndProject
Global
	GlobalSection(SolutionConfigurationPlatforms) = preSolution
		Debug|Any CPU = Debug|Any CPU
		Release|Any CPU = Release|Any CPU
	EndGlobalSection
	GlobalSection(ProjectConfigurationPlatforms) = postSolution
		{4DF1FCAF-2F35-4888-B9B6-F361A7E9C80F}.Debug|Any CPU.ActiveCfg = Debug|Any CPU
		{4DF1FCAF-2F35-4888-B9B6-F361A7E9C80F}.Debug|Any CPU.Build.0 = Debug|Any CPU
		{4DF1FCAF-2F35-4888-B9B6-F361A7E9C80F}.Release|Any CPU.ActiveCfg = Release|Any CPU
		{4DF1FCAF-2F35-4888-B9B6-F361A7E9C80F}.Release|Any CPU.Build.0 = Release|Any CPU
	EndGlobalSection
EndGlobal
